{
  "name": "sonos-direct-openclaw",
  "version": "1.0.0",
  "lockfileVersion": 3,
  "requires": true,
  "packages": {
    "": {
      "name": "sonos-direct-openclaw",
      "version": "1.0.0",
      "license": "ISC",
      "dependencies": {
        "page-agent": "^1.5.6"
      }
    },
    "node_modules/@page-agent/core": {
      "version": "1.5.6",
      "resolved": "https://registry.npmjs.org/@page-agent/core/-/core-1.5.6.tgz",
      "integrity": "sha512-tBeish7olwgVrujq7m+Ef8mfsjAD71SZnLC+wPm4Ug6AxAsfv/FsnUWeGH4GFUMWsbqlMHznMr1KVKdS9EpsaA==",
      "license": "MIT",
      "dependencies": {
        "@page-agent/llms": "1.5.6",
        "@page-agent/page-controller": "1.5.6",
        "chalk": "^5.6.2"
      },
      "peerDependencies": {
        "zod": "^3.25.0 || ^4.0.0"
      }
    },
    "node_modules/@page-agent/llms": {
      "version": "1.5.6",
      "resolved": "https://registry.npmjs.org/@page-agent/llms/-/llms-1.5.6.tgz",
      "integrity": "sha512-9QPQ/dMAIdC1QuY67XETDI3Bz3foRfHocCvGpHLfVcMLEhPNthtERtdVjlG+Q92406MQJEINJw44ajCTTcsdkw==",
      "license": "MIT",
      "dependencies": {
        "chalk": "^5.6.2"
      },
      "peerDependencies": {
        "zod": "^3.25.0 || ^4.0.0"
      }
    },
    "node_modules/@page-agent/page-controller": {
      "version": "1.5.6",
      "resolved": "https://registry.npmjs.org/@page-agent/page-controller/-/page-controller-1.5.6.tgz",
      "integrity": "sha512-6oBjrmVXL/IsI5GWurDbzzJuVkrn4Vh/GoYbc+gG1ijQWFqYbQNoxv3u3Y0itFmJpb78wDbW+55FjGT3oJosZw==",
      "license": "MIT",
      "dependencies": {
        "ai-motion": "^0.4.8"
      }
    },
    "node_modules/@page-agent/ui": {
      "version": "1.5.6",
      "resolved": "https://registry.npmjs.org/@page-agent/ui/-/ui-1.5.6.tgz",
      "integrity": "sha512-qqK+OzZoIi3Mw96Z8MM1GbrwXK1PYZ9k1y1SgTc9npz9VRqrHsmm8bnMnq3SfX8NzJzNSIEJJS4Di6VV80WKog==",
      "license": "MIT"
    },
    "node_modules/ai-motion": {
      "version": "0.4.8",
      "resolved": "https://registry.npmjs.org/ai-motion/-/ai-motion-0.4.8.tgz",
      "integrity": "sha512-9nQVjf8lrYQWSW0sZdb9bES4x8Ei1w9C0S62po2KvRbMjslmjm0WMeszyW771SEauDnu4YGWqurLZ/gCkCTosQ==",
      "license": "MIT"
    },
    "node_modules/chalk": {
      "version": "5.6.2",
      "resolved": "https://registry.npmjs.org/chalk/-/chalk-5.6.2.tgz",
      "integrity": "sha512-7NzBL0rN6fMUW+f7A6Io4h40qQlG+xGmtMxfbnH/K7TAtt8JQWVQK+6g0UXKMeVJoyV5EkkNsErQ8pVD3bLHbA==",
      "license": "MIT",
      "engines": {
        "node": "^12.17.0 || ^14.13 || >=16.0.0"
      },
      "funding": {
        "url": "https://github.com/chalk/chalk?sponsor=1"
      }
    },
    "node_modules/page-agent": {
      "version": "1.5.6",
      "resolved": "https://registry.npmjs.org/page-agent/-/page-agent-1.5.6.tgz",
      "integrity": "sha512-GiWAJJsRgZbvqqKzLNAcmhU34q1q2TAH0i9g3d8ow17jCmjCXRF+fZy9MfMTMwSv7S0eL2F68wvSk1ElXjzt5w==",
      "license": "MIT",
      "dependencies": {
        "@page-agent/core": "1.5.6",
        "@page-agent/llms": "1.5.6",
        "@page-agent/page-controller": "1.5.6",
        "@page-agent/ui": "1.5.6",
        "chalk": "^5.6.2"
      },
      "peerDependencies": {
        "zod": "^3.25.0 || ^4.0.0"
      }
    },
    "node_modules/zod": {
      "version": "4.3.6",
      "resolved": "https://registry.npmjs.org/zod/-/zod-4.3.6.tgz",
      "integrity": "sha512-rftlrkhHZOcjDwkGlnUtZZkvaPHCsDATp4pGpuOOMDaTdDDXF91wuVDJoWoPsKX/3YPQ5fHuF3STjcYyKr+Qhg==",
      "license": "MIT",
      "peer": true,
      "funding": {
        "url": "https://github.com/sponsors/colinhacks"
      }
    }
  }
}
